
Microsoft Visual Studio Solution File, Format Version 12.00
# Visual Studio Version 17
VisualStudioVersion = 17.13.35931.197 d17.13
MinimumVisualStudioVersion = 10.0.40219.1
Project("{FAE04EC0-301F-11D3-BF4B-00C04F79EFBC}") = "Something", "Something\Something.csproj", "{40B11F46-CA2D-4172-A900-3E0BE3546F36}"
EndProject
Global
	GlobalSection(SolutionConfigurationPlatforms) = preSolution
		Debug|Any CPU = Debug|Any CPU
		Release|Any CPU = Release|Any CPU
	EndGlobalSection
	GlobalSection(ProjectConfigurationPlatforms) = postSolution
		{40B11F46-CA2D-4172-A900-3E0BE3546F36}.Debug|Any CPU.ActiveCfg = Debug|Any CPU
		{40B11F46-CA2D-4172-A900-3E0BE3546F36}.Debug|Any CPU.Build.0 = Debug|Any CPU
		{40B11F46-CA2D-4172-A900-3E0BE3546F36}.Release|Any CPU.ActiveCfg = Release|Any CPU
		{40B11F46-CA2D-4172-A900-3E0BE3546F36}.Release|Any CPU.Build.0 = Release|Any CPU
	EndGlobalSection
	GlobalSection(SolutionProperties) = preSolution
		HideSolutionNode = FALSE
	EndGlobalSection
	GlobalSection(ExtensibilityGlobals) = postSolution
		SolutionGuid = {0FF8B4CC-4EBF-4AF7-8F06-E7330E0EE6B5}
	EndGlobalSection
EndGlobal
